// !$*UTF8*$!
{
	archiveVersion = 1;
	classes = {
	};
	objectVersion = 56;
	objects = {

/* Begin PBXBuildFile section */
		DD61FB2C29BB51A7008A8222 /* CardViewInSwiftUIApp.swift in Sources */ = {isa = PBXBuildFile; fileRef = DD61FB2B29BB51A7008A8222 /* CardViewInSwiftUIApp.swift */; };
		DD61FB2E29BB51A7008A8222 /* ContentView.swift in Sources */ = {isa = PBXBuildFile; fileRef = DD61FB2D29BB51A7008A8222 /* ContentView.swift */; };
		DD61FB3029BB51A8008A8222 /* Assets.xcassets in Resources */ = {isa = PBXBuildFile; fileRef = DD61FB2F29BB51A8008A8222 /* Assets.xcassets */; };
		DD61FB3329BB51A8008A8222 /* Preview Assets.xcassets in Resources */ = {isa = PBXBuildFile; fileRef = DD61FB3229BB51A8008A8222 /* Preview Assets.xcassets */; };
		DD61FB3A29BB51F5008A8222 /* PersonCardView.swift in Sources */ = {isa = PBXBuildFile; fileRef = DD61FB3929BB51F5008A8222 /* PersonCardView.swift */; };
		DD61FB3C29BB5209008A8222 /* Person.swift in Sources */ = {isa = PBXBuildFile; fileRef = DD61FB3B29BB5209008A8222 /* Person.swift */; };
/* End PBXBuildFile section */

/* Begin PBXFileReference section */
		DD61FB2829BB51A7008A8222 /* CardViewInSwiftUI.app */ = {isa = PBXFileReference; explicitFileType = wrapper.application; includeInIndex = 0; path = CardViewInSwiftUI.app; sourceTree = BUILT_PRODUCTS_DIR; };
		DD61FB2B29BB51A7008A8222 /* CardViewInSwiftUIApp.swift */ = {isa = PBXFileReference; lastKnownFileType = sourcecode.swift; path = CardViewInSwiftUIApp.swift; sourceTree = "<group>"; };
		DD61FB2D29BB51A7008A8222 /* ContentView.swift */ = {isa = PBXFileReference; lastKnownFileType = sourcecode.swift; path = ContentView.swift; sourceTree = "<group>"; };
		DD61FB2F29BB51A8008A8222 /* Assets.xcassets */ = {isa = PBXFileReference; lastKnownFileType = folder.assetcatalog; path = Assets.xcassets; sourceTree = "<group>"; };
		DD61FB3229BB51A8008A8222 /* Preview Assets.xcassets */ = {isa = PBXFileReference; lastKnownFileType = folder.assetcatalog; path = "Preview Assets.xcassets"; sourceTree = "<group>"; };
		DD61FB3929BB51F5008A8222 /* PersonCardView.swift */ = {isa = PBXFileReference; lastKnownFileType = sourcecode.swift; path = PersonCardView.swift; sourceTree = "<group>"; };
		DD61FB3B29BB5209008A8222 /* Person.swift */ = {isa = PBXFileReference; lastKnownFileType = sourcecode.swift; path = Person.swift; sourceTree = "<group>"; };
/* End PBXFileReference section */

/* Begin PBXFrameworksBuildPhase section */
		DD61FB2529BB51A7008A8222 /* Frameworks */ = {
			isa = PBXFrameworksBuildPhase;
			buildActionMask = 2147483647;
			files = (
			);
			runOnlyForDeploymentPostprocessing = 0;
		};
/* End PBXFrameworksBuildPhase section */

/* Begin PBXGroup section */
		DD61FB1F29BB51A7008A8222 = {
			isa = PBXGroup;
			children = (
				DD61FB2A29BB51A7008A8222 /* CardViewInSwiftUI */,
				DD61FB2929BB51A7008A8222 /* Products */,
			);
			sourceTree = "<group>";
		};
		DD61FB2929BB51A7008A8222 /* Products */ = {
			isa = PBXGroup;
			children = (
				DD61FB2829BB51A7008A8222 /* CardViewInSwiftUI.app */,
			);
			name = Products;
			sourceTree = "<group>";
		};
		DD61FB2A29BB51A7008A8222 /* CardViewInSwiftUI */ = {
			isa = PBXGroup;
			children = (
				DD61FB2B29BB51A7008A8222 /* CardViewInSwiftUIApp.swift */,
				DD61FB2D29BB51A7008A8222 /* ContentView.swift */,
				DD61FB3929BB51F5008A8222 /* PersonCardView.swift */,
				DD61FB3B29BB5209008A8222 /* Person.swift */,
				DD61FB2F29BB51A8008A8222 /* Assets.xcassets */,
				DD61FB3129BB51A8008A8222 /* Preview Content */,
			);
			path = CardViewInSwiftUI;
			sourceTree = "<group>";
		};
		DD61FB3129BB51A8008A8222 /* Preview Content */ = {
			isa = PBXGroup;
			children = (
				DD61FB3229BB51A8008A8222 /* Preview Assets.xcassets */,
			);
			path = "Preview Content";
			sourceTree = "<group>";
		};
/* End PBXGroup section */

/* Begin PBXNativeTarget section */
		DD61FB2729BB51A7008A8222 /* CardViewInSwiftUI */ = {
			isa = PBXNativeTarget;
			buildConfigurationList = DD61FB3629BB51A8008A8222 /* Build configuration list for PBXNativeTarget "CardViewInSwiftUI" */;
			buildPhases = (
				DD61FB2429BB51A7008A8222 /* Sources */,
				DD61FB2529BB51A7008A8222 /* Frameworks */,
				DD61FB2629BB51A7008A8222 /* Resources */,
			);
			buildRules = (
			);
			dependencies = (
			);
			name = CardViewInSwiftUI;
			productName = CardViewInSwiftUI;
			productReference = DD61FB2829BB51A7008A8222 /* CardViewInSwiftUI.app */;
			productType = "com.apple.product-type.application";
		};
/* End PBXNativeTarget section */

/* Begin PBXProject section */
		DD61FB2029BB51A7008A8222 /* Project object */ = {
			isa = PBXProject;
			attributes = {
				BuildIndependentTargetsInParallel = 1;
				LastSwiftUpdateCheck = 1420;
				LastUpgradeCheck = 1420;
				TargetAttributes = {
					DD61FB2729BB51A7008A8222 = {
						CreatedOnToolsVersion = 14.2;
					};
				};
			};
			buildConfigurationList = DD61FB2329BB51A7008A8222 /* Build configuration list for PBXProject "CardViewInSwiftUI" */;
			compatibilityVersion = "Xcode 14.0";
			developmentRegion = en;
			hasScannedForEncodings = 0;
			knownRegions = (
				en,
				Base,
			);
			mainGroup = DD61FB1F29BB51A7008A8222;
			productRefGroup = DD61FB2929BB51A7008A8222 /* Products */;
			projectDirPath = "";
			projectRoot = "";
			targets = (
				DD61FB2729BB51A7008A8222 /* CardViewInSwiftUI */,
			);
		};
/* End PBXProject section */

/* Begin PBXResourcesBuildPhase section */
		DD61FB2629BB51A7008A8222 /* Resources */ = {
			isa = PBXResourcesBuildPhase;
			buildActionMask = 2147483647;
			files = (
				DD61FB3329BB51A8008A8222 /* Preview Assets.xcassets in Resources */,
				DD61FB3029BB51A8008A8222 /* Assets.xcassets in Resources */,
			);
			runOnlyForDeploymentPostprocessing = 0;
		};
/* End PBXResourcesBuildPhase section */

/* Begin PBXSourcesBuildPhase section */
		DD61FB2429BB51A7008A8222 /* Sources */ = {
			isa = PBXSourcesBuildPhase;
			buildActionMask = 2147483647;
			files = (
				DD61FB2E29BB51A7008A8222 /* ContentView.swift in Sources */,
				DD61FB3A29BB51F5008A8222 /* PersonCardView.swift in Sources */,
				DD61FB3C29BB5209008A8222 /* Person.swift in Sources */,
				DD61FB2C29BB51A7008A8222 /* CardViewInSwiftUIApp.swift in Sources */,
			);
			runOnlyForDeploymentPostprocessing = 0;
		};
/* End PBXSourcesBuildPhase section */

/* Begin XCBuildConfiguration section */
		DD61FB3429BB51A8008A8222 /* Debug */ = {
			isa = XCBuildConfiguration;
			buildSettings = {
				ALWAYS_SEARCH_USER_PATHS = NO;
				CLANG_ANALYZER_NONNULL = YES;
				CLANG_ANALYZER_NUMBER_OBJECT_CONVERSION = YES_AGGRESSIVE;
				CLANG_CXX_LANGUAGE_STANDARD = "gnu++20";
				CLANG_ENABLE_MODULES = YES;
				CLANG_ENABLE_OBJC_ARC = YES;
				CLANG_ENABLE_OBJC_WEAK = YES;
				CLANG_WARN_BLOCK_CAPTURE_AUTORELEASING = YES;
				CLANG_WARN_BOOL_CONVERSION = YES;
				CLANG_WARN_COMMA = YES;
				CLANG_WARN_CONSTANT_CONVERSION = YES;
				CLANG_WARN_DEPRECATED_OBJC_IMPLEMENTATIONS = YES;
				CLANG_WARN_DIRECT_OBJC_ISA_USAGE = YES_ERROR;
				CLANG_WARN_DOCUMENTATION_COMMENTS = YES;
				CLANG_WARN_EMPTY_BODY = YES;
				CLANG_WARN_ENUM_CONVERSION = YES;
				CLANG_WARN_INFINITE_RECURSION = YES;
				CLANG_WARN_INT_CONVERSION = YES;
				CLANG_WARN_NON_LITERAL_NULL_CONVERSION = YES;
				CLANG_WARN_OBJC_IMPLICIT_RETAIN_SELF = YES;
				CLANG_WARN_OBJC_LITERAL_CONVERSION = YES;
				CLANG_WARN_OBJC_ROOT_CLASS = YES_ERROR;
				CLANG_WARN_QUOTED_INCLUDE_IN_FRAMEWORK_HEADER = YES;
				CLANG_WARN_RANGE_LOOP_ANALYSIS = YES;
				CLANG_WARN_STRICT_PROTOTYPES = YES;
				CLANG_WARN_SUSPICIOUS_MOVE = YES;
				CLANG_WARN_UNGUARDED_AVAILABILITY = YES_AGGRESSIVE;
				CLANG_WARN_UNREACHABLE_CODE = YES;
				CLANG_WARN__DUPLICATE_METHOD_MATCH = YES;
				COPY_PHASE_STRIP = NO;
				DEBUG_INFORMATION_FORMAT = dwarf;
				ENABLE_STRICT_OBJC_MSGSEND = YES;
				ENABLE_TESTABILITY = YES;
				GCC_C_LANGUAGE_STANDARD = gnu11;
				GCC_DYNAMIC_NO_PIC = NO;
				GCC_NO_COMMON_BLOCKS = YES;
				GCC_OPTIMIZATION_LEVEL = 0;
				GCC_PREPROCESSOR_DEFINITIONS = (
					"DEBUG=1",
					"$(inherited)",
				);
				GCC_WARN_64_TO_32_BIT_CONVERSION = YES;
				GCC_WARN_ABOUT_RETURN_TYPE = YES_ERROR;
				GCC_WARN_UNDECLARED_SELECTOR = YES;
				GCC_WARN_UNINITIALIZED_AUTOS = YES_AGGRESSIVE;
				GCC_WARN_UNUSED_FUNCTION = YES;
				GCC_WARN_UNUSED_VARIABLE = YES;
				IPHONEOS_DEPLOYMENT_TARGET = 16.2;
				MTL_ENABLE_DEBUG_INFO = INCLUDE_SOURCE;
				MTL_FAST_MATH = YES;
				ONLY_ACTIVE_ARCH = YES;
				SDKROOT = iphoneos;
				SWIFT_ACTIVE_COMPILATION_CONDITIONS = DEBUG;
				SWIFT_OPTIMIZATION_LEVEL = "-Onone";
			};
			name = Debug;
		};
		DD61FB3529BB51A8008A8222 /* Release */ = {
			isa = XCBuildConfiguration;
			buildSettings = {
				ALWAYS_SEARCH_USER_PATHS = NO;
				CLANG_ANALYZER_NONNULL = YES;
				CLANG_ANALYZER_NUMBER_OBJECT_CONVERSION = YES_AGGRESSIVE;
				CLANG_CXX_LANGUAGE_STANDARD = "gnu++20";
				CLANG_ENABLE_MODULES = YES;
				CLANG_ENABLE_OBJC_ARC = YES;
				CLANG_ENABLE_OBJC_WEAK = YES;
				CLANG_WARN_BLOCK_CAPTURE_AUTORELEASING = YES;
				CLANG_WARN_BOOL_CONVERSION = YES;
				CLANG_WARN_COMMA = YES;
				CLANG_WARN_CONSTANT_CONVERSION = YES;
				CLANG_WARN_DEPRECATED_OBJC_IMPLEMENTATIONS = YES;
				CLANG_WARN_DIRECT_OBJC_ISA_USAGE = YES_ERROR;
				CLANG_WARN_DOCUMENTATION_COMMENTS = YES;
				CLANG_WARN_EMPTY_BODY = YES;
				CLANG_WARN_ENUM_CONVERSION = YES;
				CLANG_WARN_INFINITE_RECURSION = YES;
				CLANG_WARN_INT_CONVERSION = YES;
				CLANG_WARN_NON_LITERAL_NULL_CONVERSION = YES;
				CLANG_WARN_OBJC_IMPLICIT_RETAIN_SELF = YES;
				CLANG_WARN_OBJC_LITERAL_CONVERSION = YES;
				CLANG_WARN_OBJC_ROOT_CLASS = YES_ERROR;
				CLANG_WARN_QUOTED_INCLUDE_IN_FRAMEWORK_HEADER = YES;
				CLANG_WARN_RANGE_LOOP_ANALYSIS = YES;
				CLANG_WARN_STRICT_PROTOTYPES = YES;
				CLANG_WARN_SUSPICIOUS_MOVE = YES;
				CLANG_WARN_UNGUARDED_AVAILABILITY = YES_AGGRESSIVE;
				CLANG_WARN_UNREACHABLE_CODE = YES;
				CLANG_WARN__DUPLICATE_METHOD_MATCH = YES;
				COPY_PHASE_STRIP = NO;
				DEBUG_INFORMATION_FORMAT = "dwarf-with-dsym";
				ENABLE_NS_ASSERTIONS = NO;
				ENABLE_STRICT_OBJC_MSGSEND = YES;
				GCC_C_LANGUAGE_STANDARD = gnu11;
				GCC_NO_COMMON_BLOCKS = YES;
				GCC_WARN_64_TO_32_BIT_CONVERSION = YES;
				GCC_WARN_ABOUT_RETURN_TYPE = YES_ERROR;
				GCC_WARN_UNDECLARED_SELECTOR = YES;
				GCC_WARN_UNINITIALIZED_AUTOS = YES_AGGRESSIVE;
				GCC_WARN_UNUSED_FUNCTION = YES;
				GCC_WARN_UNUSED_VARIABLE = YES;
				IPHONEOS_DEPLOYMENT_TARGET = 16.2;
				MTL_ENABLE_DEBUG_INFO = NO;
				MTL_FAST_MATH = YES;
				SDKROOT = iphoneos;
				SWIFT_COMPILATION_MODE = wholemodule;
				SWIFT_OPTIMIZATION_LEVEL = "-O";
				VALIDATE_PRODUCT = YES;
			};
			name = Release;
		};
		DD61FB3729BB51A8008A8222 /* Debug */ = {
			isa = XCBuildConfiguration;
			buildSettings = {
				ASSETCATALOG_COMPILER_APPICON_NAME = AppIcon;
				ASSETCATALOG_COMPILER_GLOBAL_ACCENT_COLOR_NAME = AccentColor;
				CODE_SIGN_STYLE = Automatic;
				CURRENT_PROJECT_VERSION = 1;
				DEVELOPMENT_ASSET_PATHS = "\"CardViewInSwiftUI/Preview Content\"";
				DEVELOPMENT_TEAM = Z429BM88YZ;
				ENABLE_PREVIEWS = YES;
				GENERATE_INFOPLIST_FILE = YES;
				INFOPLIST_KEY_UIApplicationSceneManifest_Generation = YES;
				INFOPLIST_KEY_UIApplicationSupportsIndirectInputEvents = YES;
				INFOPLIST_KEY_UILaunchScreen_Generation = YES;
				INFOPLIST_KEY_UISupportedInterfaceOrientations_iPad = "UIInterfaceOrientationPortrait UIInterfaceOrientationPortraitUpsideDown UIInterfaceOrientationLandscapeLeft UIInterfaceOrientationLandscapeRight";
				INFOPLIST_KEY_UISupportedInterfaceOrientations_iPhone = "UIInterfaceOrientationPortrait UIInterfaceOrientationLandscapeLeft UIInterfaceOrientationLandscapeRight";
				LD_RUNPATH_SEARCH_PATHS = (
					"$(inherited)",
					"@executable_path/Frameworks",
				);
				MARKETING_VERSION = 1.0;
				PRODUCT_BUNDLE_IDENTIFIER = me.jeongkite.CardViewInSwiftUI;
				PRODUCT_NAME = "$(TARGET_NAME)";
				SWIFT_EMIT_LOC_STRINGS = YES;
				SWIFT_VERSION = 5.0;
				TARGETED_DEVICE_FAMILY = "1,2";
			};
			name = Debug;
		};
		DD61FB3829BB51A8008A8222 /* Release */ = {
			isa = XCBuildConfiguration;
			buildSettings = {
				ASSETCATALOG_COMPILER_APPICON_NAME = AppIcon;
				ASSETCATALOG_COMPILER_GLOBAL_ACCENT_COLOR_NAME = AccentColor;
				CODE_SIGN_STYLE = Automatic;
				CURRENT_PROJECT_VERSION = 1;
				DEVELOPMENT_ASSET_PATHS = "\"CardViewInSwiftUI/Preview Content\"";
				DEVELOPMENT_TEAM = Z429BM88YZ;
				ENABLE_PREVIEWS = YES;
				GENERATE_INFOPLIST_FILE = YES;
				INFOPLIST_KEY_UIApplicationSceneManifest_Generation = YES;
				INFOPLIST_KEY_UIApplicationSupportsIndirectInputEvents = YES;
				INFOPLIST_KEY_UILaunchScreen_Generation = YES;
				INFOPLIST_KEY_UISupportedInterfaceOrientations_iPad = "UIInterfaceOrientationPortrait UIInterfaceOrientationPortraitUpsideDown UIInterfaceOrientationLandscapeLeft UIInterfaceOrientationLandscapeRight";
				INFOPLIST_KEY_UISupportedInterfaceOrientations_iPhone = "UIInterfaceOrientationPortrait UIInterfaceOrientationLandscapeLeft UIInterfaceOrientationLandscapeRight";
				LD_RUNPATH_SEARCH_PATHS = (
					"$(inherited)",
					"@executable_path/Frameworks",
				);
				MARKETING_VERSION = 1.0;
				PRODUCT_BUNDLE_IDENTIFIER = me.jeongkite.CardViewInSwiftUI;
				PRODUCT_NAME = "$(TARGET_NAME)";
				SWIFT_EMIT_LOC_STRINGS = YES;
				SWIFT_VERSION = 5.0;
				TARGETED_DEVICE_FAMILY = "1,2";
			};
			name = Release;
		};
/* End XCBuildConfiguration section */

/* Begin XCConfigurationList section */
		DD61FB2329BB51A7008A8222 /* Build configuration list for PBXProject "CardViewInSwiftUI" */ = {
			isa = XCConfigurationList;
			buildConfigurations = (
				DD61FB3429BB51A8008A8222 /* Debug */,
				DD61FB3529BB51A8008A8222 /* Release */,
			);
			defaultConfigurationIsVisible = 0;
			defaultConfigurationName = Release;
		};
		DD61FB3629BB51A8008A8222 /* Build configuration list for PBXNativeTarget "CardViewInSwiftUI" */ = {
			isa = XCConfigurationList;
			buildConfigurations = (
				DD61FB3729BB51A8008A8222 /* Debug */,
				DD61FB3829BB51A8008A8222 /* Release */,
			);
			defaultConfigurationIsVisible = 0;
			defaultConfigurationName = Release;
		};
/* End XCConfigurationList section */
	};
	rootObject = DD61FB2029BB51A7008A8222 /* Project object */;
}
